{
  "name": "aotopo",
  "lockfileVersion": 2,
  "requires": true,
  "packages": {
    "": {
      "dependencies": {
        "@bake-js/-o-id": "^0.0.69"
      }
    },
    "node_modules/@bake-js/-o-id": {
      "version": "0.0.69",
      "resolved": "https://registry.npmjs.org/@bake-js/-o-id/-/-o-id-0.0.69.tgz",
      "integrity": "sha512-PDzBhyMNTjc7ETBsL3IVjLobI/VY66gsgn4J8ztau20AzRAkHOPI5NPfb05kq3sL1nDWpl3QyXy5+hHD0vkL7w=="
    }
  },
  "dependencies": {
    "@bake-js/-o-id": {
      "version": "0.0.69",
      "resolved": "https://registry.npmjs.org/@bake-js/-o-id/-/-o-id-0.0.69.tgz",
      "integrity": "sha512-PDzBhyMNTjc7ETBsL3IVjLobI/VY66gsgn4J8ztau20AzRAkHOPI5NPfb05kq3sL1nDWpl3QyXy5+hHD0vkL7w=="
    }
  }
}
